
Microsoft Visual Studio Solution File, Format Version 12.00
# Visual Studio Version 17
VisualStudioVersion = 17.9.34728.123
MinimumVisualStudioVersion = 10.0.40219.1
Project("{FAE04EC0-301F-11D3-BF4B-00C04F79EFBC}") = "ScreenSoundAPI", "ScreenSoundAPI\ScreenSoundAPI.csproj", "{C68A3558-3B11-483D-B22A-A9FAD7746B17}"
EndProject
Global
	GlobalSection(SolutionConfigurationPlatforms) = preSolution
		Debug|Any CPU = Debug|Any CPU
		Release|Any CPU = Release|Any CPU
	EndGlobalSection
	GlobalSection(ProjectConfigurationPlatforms) = postSolution
		{C68A3558-3B11-483D-B22A-A9FAD7746B17}.Debug|Any CPU.ActiveCfg = Debug|Any CPU
		{C68A3558-3B11-483D-B22A-A9FAD7746B17}.Debug|Any CPU.Build.0 = Debug|Any CPU
		{C68A3558-3B11-483D-B22A-A9FAD7746B17}.Release|Any CPU.ActiveCfg = Release|Any CPU
		{C68A3558-3B11-483D-B22A-A9FAD7746B17}.Release|Any CPU.Build.0 = Release|Any CPU
	EndGlobalSection
	GlobalSection(SolutionProperties) = preSolution
		HideSolutionNode = FALSE
	EndGlobalSection
	GlobalSection(ExtensibilityGlobals) = postSolution
		SolutionGuid = {930C8A13-F15A-4FE8-AED1-05A211C121F8}
	EndGlobalSection
EndGlobal
